{
  "name": "@broxus/locklift-network",
  "version": "0.9.0",
  "lockfileVersion": 2,
  "requires": true,
  "packages": {
    "": {
      "name": "@broxus/locklift-network",
      "version": "0.9.0",
      "license": "Apache-2.0",
      "dependencies": {
        "@types/node": "^18.0.4",
        "everscale-inpage-provider": "file:../everscale-inpage-provider/dist",
        "everscale-standalone-client": "file:../everscale-standalone-client/dist",
        "heap-js": "2.3.0",
        "lodash": "^4.17.21",
        "nekoton-wasm": "file:../nekoton-wasm/pkg",
        "prettier": "^2.7.1",
        "typescript": "^4.7.4"
      },
      "devDependencies": {
        "@types/lodash": "^4.14.195"
      }
    },
    "../everscale-inpage-provider/dist": {},
    "../everscale-standalone-client/dist": {},
    "../nekoton-wasm/pkg": {
      "name": "nekoton-wasm",
      "version": "1.1.8",
      "license": "SEE LICENSE IN LICENSE"
    },
    "node_modules/@types/lodash": {
      "version": "4.14.195",
      "resolved": "https://registry.npmjs.org/@types/lodash/-/lodash-4.14.195.tgz",
      "integrity": "sha512-Hwx9EUgdwf2GLarOjQp5ZH8ZmblzcbTBC2wtQWNKARBSxM9ezRIAUpeDTgoQRAFB0+8CNWXVA9+MaSOzOF3nPg==",
      "dev": true
    },
    "node_modules/@types/node": {
      "version": "18.16.19",
      "resolved": "https://registry.npmjs.org/@types/node/-/node-18.16.19.tgz",
      "integrity": "sha512-IXl7o+R9iti9eBW4Wg2hx1xQDig183jj7YLn8F7udNceyfkbn1ZxmzZXuak20gR40D7pIkIY1kYGx5VIGbaHKA=="
    },
    "node_modules/everscale-inpage-provider": {
      "resolved": "../everscale-inpage-provider/dist",
      "link": true
    },
    "node_modules/everscale-standalone-client": {
      "resolved": "../everscale-standalone-client/dist",
      "link": true
    },
    "node_modules/heap-js": {
      "version": "2.3.0",
      "resolved": "https://registry.npmjs.org/heap-js/-/heap-js-2.3.0.tgz",
      "integrity": "sha512-E5303mzwQ+4j/n2J0rDvEPBN7GKjhis10oHiYOgjxsmxYgqG++hz9NyLLOXttzH8as/DyiBHYpUrJTZWYaMo8Q==",
      "engines": {
        "node": ">=10.0.0"
      }
    },
    "node_modules/lodash": {
      "version": "4.17.21",
      "resolved": "https://registry.npmjs.org/lodash/-/lodash-4.17.21.tgz",
      "integrity": "sha512-v2kDEe57lecTulaDIuNTPy3Ry4gLGJ6Z1O3vE1krgXZNrsQ+LFTGHVxVjcXPs17LhbZVGedAJv8XZ1tvj5FvSg=="
    },
    "node_modules/nekoton-wasm": {
      "resolved": "../nekoton-wasm/pkg",
      "link": true
    },
    "node_modules/prettier": {
      "version": "2.8.8",
      "resolved": "https://registry.npmjs.org/prettier/-/prettier-2.8.8.tgz",
      "integrity": "sha512-tdN8qQGvNjw4CHbY+XXk0JgCXn9QiF21a55rBe5LJAU+kDyC4WQn4+awm2Xfk2lQMk5fKup9XgzTZtGkjBdP9Q==",
      "bin": {
        "prettier": "bin-prettier.js"
      },
      "engines": {
        "node": ">=10.13.0"
      },
      "funding": {
        "url": "https://github.com/prettier/prettier?sponsor=1"
      }
    },
    "node_modules/typescript": {
      "version": "4.9.5",
      "resolved": "https://registry.npmjs.org/typescript/-/typescript-4.9.5.tgz",
      "integrity": "sha512-1FXk9E2Hm+QzZQ7z+McJiHL4NW1F2EzMu9Nq9i3zAaGqibafqYwCVU6WyWAuyQRRzOlxou8xZSyXLEN8oKj24g==",
      "bin": {
        "tsc": "bin/tsc",
        "tsserver": "bin/tsserver"
      },
      "engines": {
        "node": ">=4.2.0"
      }
    }
  },
  "dependencies": {
    "@types/lodash": {
      "version": "4.14.195",
      "resolved": "https://registry.npmjs.org/@types/lodash/-/lodash-4.14.195.tgz",
      "integrity": "sha512-Hwx9EUgdwf2GLarOjQp5ZH8ZmblzcbTBC2wtQWNKARBSxM9ezRIAUpeDTgoQRAFB0+8CNWXVA9+MaSOzOF3nPg==",
      "dev": true
    },
    "@types/node": {
      "version": "18.16.19",
      "resolved": "https://registry.npmjs.org/@types/node/-/node-18.16.19.tgz",
      "integrity": "sha512-IXl7o+R9iti9eBW4Wg2hx1xQDig183jj7YLn8F7udNceyfkbn1ZxmzZXuak20gR40D7pIkIY1kYGx5VIGbaHKA=="
    },
    "everscale-inpage-provider": {
      "version": "file:../everscale-inpage-provider/dist"
    },
    "everscale-standalone-client": {
      "version": "file:../everscale-standalone-client/dist"
    },
    "heap-js": {
      "version": "2.3.0",
      "resolved": "https://registry.npmjs.org/heap-js/-/heap-js-2.3.0.tgz",
      "integrity": "sha512-E5303mzwQ+4j/n2J0rDvEPBN7GKjhis10oHiYOgjxsmxYgqG++hz9NyLLOXttzH8as/DyiBHYpUrJTZWYaMo8Q=="
    },
    "lodash": {
      "version": "4.17.21",
      "resolved": "https://registry.npmjs.org/lodash/-/lodash-4.17.21.tgz",
      "integrity": "sha512-v2kDEe57lecTulaDIuNTPy3Ry4gLGJ6Z1O3vE1krgXZNrsQ+LFTGHVxVjcXPs17LhbZVGedAJv8XZ1tvj5FvSg=="
    },
    "nekoton-wasm": {
      "version": "file:../nekoton-wasm/pkg"
    },
    "prettier": {
      "version": "2.8.8",
      "resolved": "https://registry.npmjs.org/prettier/-/prettier-2.8.8.tgz",
      "integrity": "sha512-tdN8qQGvNjw4CHbY+XXk0JgCXn9QiF21a55rBe5LJAU+kDyC4WQn4+awm2Xfk2lQMk5fKup9XgzTZtGkjBdP9Q=="
    },
    "typescript": {
      "version": "4.9.5",
      "resolved": "https://registry.npmjs.org/typescript/-/typescript-4.9.5.tgz",
      "integrity": "sha512-1FXk9E2Hm+QzZQ7z+McJiHL4NW1F2EzMu9Nq9i3zAaGqibafqYwCVU6WyWAuyQRRzOlxou8xZSyXLEN8oKj24g=="
    }
  }
}
